// !$*UTF8*$!
{
	archiveVersion = 1;
	classes = {
	};
	objectVersion = 56;
	objects = {

/* Begin PBXBuildFile section */
		E60121342C19049900D78DE1 /* TextExample.swift in Sources */ = {isa = PBXBuildFile; fileRef = E60121332C19049900D78DE1 /* TextExample.swift */; };
		E60121362C19476000D78DE1 /* ImageExample.swift in Sources */ = {isa = PBXBuildFile; fileRef = E60121352C19476000D78DE1 /* ImageExample.swift */; };
		E601D0FE2C2F3F4400D59EC9 /* BMIResultView.swift in Sources */ = {isa = PBXBuildFile; fileRef = E601D0FD2C2F3F4400D59EC9 /* BMIResultView.swift */; };
		E63883502C46D72300B592AB /* ApiNetwork.swift in Sources */ = {isa = PBXBuildFile; fileRef = E638834F2C46D72300B592AB /* ApiNetwork.swift */; };
		E67061042C4573550020E66F /* SuperheroSearcher.swift in Sources */ = {isa = PBXBuildFile; fileRef = E67061032C4573550020E66F /* SuperheroSearcher.swift */; };
		E6762D7C2C19EAF5009FE39A /* LabelExample.swift in Sources */ = {isa = PBXBuildFile; fileRef = E6762D7B2C19EAF5009FE39A /* LabelExample.swift */; };
		E682018F2C2B669B00A118E2 /* MenuView.swift in Sources */ = {isa = PBXBuildFile; fileRef = E682018E2C2B669B00A118E2 /* MenuView.swift */; };
		E6867B322C2934E700228069 /* ButtonExample.swift in Sources */ = {isa = PBXBuildFile; fileRef = E6867B312C2934E700228069 /* ButtonExample.swift */; };
		E6867B342C293BD000228069 /* TextFieldExample.swift in Sources */ = {isa = PBXBuildFile; fileRef = E6867B332C293BD000228069 /* TextFieldExample.swift */; };
		E6B605752C181ED40052DB3C /* MainView.swift in Sources */ = {isa = PBXBuildFile; fileRef = E6B605742C181ED40052DB3C /* MainView.swift */; };
		E6C5C87A2C17618700BBDD1F /* CourseiOSAppApp.swift in Sources */ = {isa = PBXBuildFile; fileRef = E6C5C8792C17618700BBDD1F /* CourseiOSAppApp.swift */; };
		E6C5C87C2C17618700BBDD1F /* Exercise1.swift in Sources */ = {isa = PBXBuildFile; fileRef = E6C5C87B2C17618700BBDD1F /* Exercise1.swift */; };
		E6C5C87E2C17618A00BBDD1F /* Assets.xcassets in Resources */ = {isa = PBXBuildFile; fileRef = E6C5C87D2C17618A00BBDD1F /* Assets.xcassets */; };
		E6C5C8812C17618A00BBDD1F /* Preview Assets.xcassets in Resources */ = {isa = PBXBuildFile; fileRef = E6C5C8802C17618A00BBDD1F /* Preview Assets.xcassets */; };
		E6F303B92C2C5F580056F5F1 /* BMIView.swift in Sources */ = {isa = PBXBuildFile; fileRef = E6F303B82C2C5F580056F5F1 /* BMIView.swift */; };
		E6F90E442C44DBDA004B0546 /* ListExample.swift in Sources */ = {isa = PBXBuildFile; fileRef = E6F90E432C44DBDA004B0546 /* ListExample.swift */; };
/* End PBXBuildFile section */

/* Begin PBXFileReference section */
		E60121332C19049900D78DE1 /* TextExample.swift */ = {isa = PBXFileReference; lastKnownFileType = sourcecode.swift; path = TextExample.swift; sourceTree = "<group>"; };
		E60121352C19476000D78DE1 /* ImageExample.swift */ = {isa = PBXFileReference; lastKnownFileType = sourcecode.swift; path = ImageExample.swift; sourceTree = "<group>"; };
		E601D0FD2C2F3F4400D59EC9 /* BMIResultView.swift */ = {isa = PBXFileReference; lastKnownFileType = sourcecode.swift; path = BMIResultView.swift; sourceTree = "<group>"; };
		E638834F2C46D72300B592AB /* ApiNetwork.swift */ = {isa = PBXFileReference; lastKnownFileType = sourcecode.swift; path = ApiNetwork.swift; sourceTree = "<group>"; };
		E67061032C4573550020E66F /* SuperheroSearcher.swift */ = {isa = PBXFileReference; lastKnownFileType = sourcecode.swift; path = SuperheroSearcher.swift; sourceTree = "<group>"; };
		E6762D7B2C19EAF5009FE39A /* LabelExample.swift */ = {isa = PBXFileReference; lastKnownFileType = sourcecode.swift; path = LabelExample.swift; sourceTree = "<group>"; };
		E682018E2C2B669B00A118E2 /* MenuView.swift */ = {isa = PBXFileReference; lastKnownFileType = sourcecode.swift; path = MenuView.swift; sourceTree = "<group>"; };
		E6867B312C2934E700228069 /* ButtonExample.swift */ = {isa = PBXFileReference; lastKnownFileType = sourcecode.swift; path = ButtonExample.swift; sourceTree = "<group>"; };
		E6867B332C293BD000228069 /* TextFieldExample.swift */ = {isa = PBXFileReference; lastKnownFileType = sourcecode.swift; path = TextFieldExample.swift; sourceTree = "<group>"; };
		E6B605742C181ED40052DB3C /* MainView.swift */ = {isa = PBXFileReference; lastKnownFileType = sourcecode.swift; path = MainView.swift; sourceTree = "<group>"; };
		E6C5C8762C17618700BBDD1F /* CourseiOSApp.app */ = {isa = PBXFileReference; explicitFileType = wrapper.application; includeInIndex = 0; path = CourseiOSApp.app; sourceTree = BUILT_PRODUCTS_DIR; };
		E6C5C8792C17618700BBDD1F /* CourseiOSAppApp.swift */ = {isa = PBXFileReference; lastKnownFileType = sourcecode.swift; path = CourseiOSAppApp.swift; sourceTree = "<group>"; };
		E6C5C87B2C17618700BBDD1F /* Exercise1.swift */ = {isa = PBXFileReference; lastKnownFileType = sourcecode.swift; path = Exercise1.swift; sourceTree = "<group>"; };
		E6C5C87D2C17618A00BBDD1F /* Assets.xcassets */ = {isa = PBXFileReference; lastKnownFileType = folder.assetcatalog; path = Assets.xcassets; sourceTree = "<group>"; };
		E6C5C8802C17618A00BBDD1F /* Preview Assets.xcassets */ = {isa = PBXFileReference; lastKnownFileType = folder.assetcatalog; path = "Preview Assets.xcassets"; sourceTree = "<group>"; };
		E6F303B82C2C5F580056F5F1 /* BMIView.swift */ = {isa = PBXFileReference; lastKnownFileType = sourcecode.swift; path = BMIView.swift; sourceTree = "<group>"; };
		E6F90E432C44DBDA004B0546 /* ListExample.swift */ = {isa = PBXFileReference; lastKnownFileType = sourcecode.swift; path = ListExample.swift; sourceTree = "<group>"; };
/* End PBXFileReference section */

/* Begin PBXFrameworksBuildPhase section */
		E6C5C8732C17618700BBDD1F /* Frameworks */ = {
			isa = PBXFrameworksBuildPhase;
			buildActionMask = 2147483647;
			files = (
			);
			runOnlyForDeploymentPostprocessing = 0;
		};
/* End PBXFrameworksBuildPhase section */

/* Begin PBXGroup section */
		E67061022C4573170020E66F /* Superhero */ = {
			isa = PBXGroup;
			children = (
				E67061032C4573550020E66F /* SuperheroSearcher.swift */,
				E638834F2C46D72300B592AB /* ApiNetwork.swift */,
			);
			path = Superhero;
			sourceTree = "<group>";
		};
		E6B605732C181E230052DB3C /* Exercises */ = {
			isa = PBXGroup;
			children = (
				E6C5C87B2C17618700BBDD1F /* Exercise1.swift */,
			);
			path = Exercises;
			sourceTree = "<group>";
		};
		E6B605782C181F9F0052DB3C /* Components */ = {
			isa = PBXGroup;
			children = (
				E60121332C19049900D78DE1 /* TextExample.swift */,
				E60121352C19476000D78DE1 /* ImageExample.swift */,
				E6762D7B2C19EAF5009FE39A /* LabelExample.swift */,
				E6867B312C2934E700228069 /* ButtonExample.swift */,
				E6867B332C293BD000228069 /* TextFieldExample.swift */,
				E6F90E432C44DBDA004B0546 /* ListExample.swift */,
			);
			path = Components;
			sourceTree = "<group>";
		};
		E6C5C86D2C17618700BBDD1F = {
			isa = PBXGroup;
			children = (
				E6C5C8782C17618700BBDD1F /* CourseiOSApp */,
				E6C5C8772C17618700BBDD1F /* Products */,
			);
			sourceTree = "<group>";
		};
		E6C5C8772C17618700BBDD1F /* Products */ = {
			isa = PBXGroup;
			children = (
				E6C5C8762C17618700BBDD1F /* CourseiOSApp.app */,
			);
			name = Products;
			sourceTree = "<group>";
		};
		E6C5C8782C17618700BBDD1F /* CourseiOSApp */ = {
			isa = PBXGroup;
			children = (
				E67061022C4573170020E66F /* Superhero */,
				E6F303B72C2C5F3F0056F5F1 /* BMI */,
				E6B605782C181F9F0052DB3C /* Components */,
				E6B605732C181E230052DB3C /* Exercises */,
				E6C5C8792C17618700BBDD1F /* CourseiOSAppApp.swift */,
				E6B605742C181ED40052DB3C /* MainView.swift */,
				E682018E2C2B669B00A118E2 /* MenuView.swift */,
				E6C5C87D2C17618A00BBDD1F /* Assets.xcassets */,
				E6C5C87F2C17618A00BBDD1F /* Preview Content */,
			);
			path = CourseiOSApp;
			sourceTree = "<group>";
		};
		E6C5C87F2C17618A00BBDD1F /* Preview Content */ = {
			isa = PBXGroup;
			children = (
				E6C5C8802C17618A00BBDD1F /* Preview Assets.xcassets */,
			);
			path = "Preview Content";
			sourceTree = "<group>";
		};
		E6F303B72C2C5F3F0056F5F1 /* BMI */ = {
			isa = PBXGroup;
			children = (
				E6F303B82C2C5F580056F5F1 /* BMIView.swift */,
				E601D0FD2C2F3F4400D59EC9 /* BMIResultView.swift */,
			);
			path = BMI;
			sourceTree = "<group>";
		};
/* End PBXGroup section */

/* Begin PBXNativeTarget section */
		E6C5C8752C17618700BBDD1F /* CourseiOSApp */ = {
			isa = PBXNativeTarget;
			buildConfigurationList = E6C5C8842C17618A00BBDD1F /* Build configuration list for PBXNativeTarget "CourseiOSApp" */;
			buildPhases = (
				E6C5C8722C17618700BBDD1F /* Sources */,
				E6C5C8732C17618700BBDD1F /* Frameworks */,
				E6C5C8742C17618700BBDD1F /* Resources */,
			);
			buildRules = (
			);
			dependencies = (
			);
			name = CourseiOSApp;
			productName = CourseiOSApp;
			productReference = E6C5C8762C17618700BBDD1F /* CourseiOSApp.app */;
			productType = "com.apple.product-type.application";
		};
/* End PBXNativeTarget section */

/* Begin PBXProject section */
		E6C5C86E2C17618700BBDD1F /* Project object */ = {
			isa = PBXProject;
			attributes = {
				BuildIndependentTargetsInParallel = 1;
				LastSwiftUpdateCheck = 1540;
				LastUpgradeCheck = 1540;
				TargetAttributes = {
					E6C5C8752C17618700BBDD1F = {
						CreatedOnToolsVersion = 15.4;
					};
				};
			};
			buildConfigurationList = E6C5C8712C17618700BBDD1F /* Build configuration list for PBXProject "CourseiOSApp" */;
			compatibilityVersion = "Xcode 14.0";
			developmentRegion = en;
			hasScannedForEncodings = 0;
			knownRegions = (
				en,
				Base,
			);
			mainGroup = E6C5C86D2C17618700BBDD1F;
			productRefGroup = E6C5C8772C17618700BBDD1F /* Products */;
			projectDirPath = "";
			projectRoot = "";
			targets = (
				E6C5C8752C17618700BBDD1F /* CourseiOSApp */,
			);
		};
/* End PBXProject section */

/* Begin PBXResourcesBuildPhase section */
		E6C5C8742C17618700BBDD1F /* Resources */ = {
			isa = PBXResourcesBuildPhase;
			buildActionMask = 2147483647;
			files = (
				E6C5C8812C17618A00BBDD1F /* Preview Assets.xcassets in Resources */,
				E6C5C87E2C17618A00BBDD1F /* Assets.xcassets in Resources */,
			);
			runOnlyForDeploymentPostprocessing = 0;
		};
/* End PBXResourcesBuildPhase section */

/* Begin PBXSourcesBuildPhase section */
		E6C5C8722C17618700BBDD1F /* Sources */ = {
			isa = PBXSourcesBuildPhase;
			buildActionMask = 2147483647;
			files = (
				E6C5C87C2C17618700BBDD1F /* Exercise1.swift in Sources */,
				E6867B322C2934E700228069 /* ButtonExample.swift in Sources */,
				E6762D7C2C19EAF5009FE39A /* LabelExample.swift in Sources */,
				E60121342C19049900D78DE1 /* TextExample.swift in Sources */,
				E67061042C4573550020E66F /* SuperheroSearcher.swift in Sources */,
				E6F90E442C44DBDA004B0546 /* ListExample.swift in Sources */,
				E682018F2C2B669B00A118E2 /* MenuView.swift in Sources */,
				E6B605752C181ED40052DB3C /* MainView.swift in Sources */,
				E60121362C19476000D78DE1 /* ImageExample.swift in Sources */,
				E6F303B92C2C5F580056F5F1 /* BMIView.swift in Sources */,
				E601D0FE2C2F3F4400D59EC9 /* BMIResultView.swift in Sources */,
				E6867B342C293BD000228069 /* TextFieldExample.swift in Sources */,
				E6C5C87A2C17618700BBDD1F /* CourseiOSAppApp.swift in Sources */,
				E63883502C46D72300B592AB /* ApiNetwork.swift in Sources */,
			);
			runOnlyForDeploymentPostprocessing = 0;
		};
/* End PBXSourcesBuildPhase section */

/* Begin XCBuildConfiguration section */
		E6C5C8822C17618A00BBDD1F /* Debug */ = {
			isa = XCBuildConfiguration;
			buildSettings = {
				ALWAYS_SEARCH_USER_PATHS = NO;
				ASSETCATALOG_COMPILER_GENERATE_SWIFT_ASSET_SYMBOL_EXTENSIONS = YES;
				CLANG_ANALYZER_NONNULL = YES;
				CLANG_ANALYZER_NUMBER_OBJECT_CONVERSION = YES_AGGRESSIVE;
				CLANG_CXX_LANGUAGE_STANDARD = "gnu++20";
				CLANG_ENABLE_MODULES = YES;
				CLANG_ENABLE_OBJC_ARC = YES;
				CLANG_ENABLE_OBJC_WEAK = YES;
				CLANG_WARN_BLOCK_CAPTURE_AUTORELEASING = YES;
				CLANG_WARN_BOOL_CONVERSION = YES;
				CLANG_WARN_COMMA = YES;
				CLANG_WARN_CONSTANT_CONVERSION = YES;
				CLANG_WARN_DEPRECATED_OBJC_IMPLEMENTATIONS = YES;
				CLANG_WARN_DIRECT_OBJC_ISA_USAGE = YES_ERROR;
				CLANG_WARN_DOCUMENTATION_COMMENTS = YES;
				CLANG_WARN_EMPTY_BODY = YES;
				CLANG_WARN_ENUM_CONVERSION = YES;
				CLANG_WARN_INFINITE_RECURSION = YES;
				CLANG_WARN_INT_CONVERSION = YES;
				CLANG_WARN_NON_LITERAL_NULL_CONVERSION = YES;
				CLANG_WARN_OBJC_IMPLICIT_RETAIN_SELF = YES;
				CLANG_WARN_OBJC_LITERAL_CONVERSION = YES;
				CLANG_WARN_OBJC_ROOT_CLASS = YES_ERROR;
				CLANG_WARN_QUOTED_INCLUDE_IN_FRAMEWORK_HEADER = YES;
				CLANG_WARN_RANGE_LOOP_ANALYSIS = YES;
				CLANG_WARN_STRICT_PROTOTYPES = YES;
				CLANG_WARN_SUSPICIOUS_MOVE = YES;
				CLANG_WARN_UNGUARDED_AVAILABILITY = YES_AGGRESSIVE;
				CLANG_WARN_UNREACHABLE_CODE = YES;
				CLANG_WARN__DUPLICATE_METHOD_MATCH = YES;
				COPY_PHASE_STRIP = NO;
				DEBUG_INFORMATION_FORMAT = dwarf;
				ENABLE_STRICT_OBJC_MSGSEND = YES;
				ENABLE_TESTABILITY = YES;
				ENABLE_USER_SCRIPT_SANDBOXING = YES;
				GCC_C_LANGUAGE_STANDARD = gnu17;
				GCC_DYNAMIC_NO_PIC = NO;
				GCC_NO_COMMON_BLOCKS = YES;
				GCC_OPTIMIZATION_LEVEL = 0;
				GCC_PREPROCESSOR_DEFINITIONS = (
					"DEBUG=1",
					"$(inherited)",
				);
				GCC_WARN_64_TO_32_BIT_CONVERSION = YES;
				GCC_WARN_ABOUT_RETURN_TYPE = YES_ERROR;
				GCC_WARN_UNDECLARED_SELECTOR = YES;
				GCC_WARN_UNINITIALIZED_AUTOS = YES_AGGRESSIVE;
				GCC_WARN_UNUSED_FUNCTION = YES;
				GCC_WARN_UNUSED_VARIABLE = YES;
				IPHONEOS_DEPLOYMENT_TARGET = 17.5;
				LOCALIZATION_PREFERS_STRING_CATALOGS = YES;
				MTL_ENABLE_DEBUG_INFO = INCLUDE_SOURCE;
				MTL_FAST_MATH = YES;
				ONLY_ACTIVE_ARCH = YES;
				SDKROOT = iphoneos;
				SWIFT_ACTIVE_COMPILATION_CONDITIONS = "DEBUG $(inherited)";
				SWIFT_OPTIMIZATION_LEVEL = "-Onone";
			};
			name = Debug;
		};
		E6C5C8832C17618A00BBDD1F /* Release */ = {
			isa = XCBuildConfiguration;
			buildSettings = {
				ALWAYS_SEARCH_USER_PATHS = NO;
				ASSETCATALOG_COMPILER_GENERATE_SWIFT_ASSET_SYMBOL_EXTENSIONS = YES;
				CLANG_ANALYZER_NONNULL = YES;
				CLANG_ANALYZER_NUMBER_OBJECT_CONVERSION = YES_AGGRESSIVE;
				CLANG_CXX_LANGUAGE_STANDARD = "gnu++20";
				CLANG_ENABLE_MODULES = YES;
				CLANG_ENABLE_OBJC_ARC = YES;
				CLANG_ENABLE_OBJC_WEAK = YES;
				CLANG_WARN_BLOCK_CAPTURE_AUTORELEASING = YES;
				CLANG_WARN_BOOL_CONVERSION = YES;
				CLANG_WARN_COMMA = YES;
				CLANG_WARN_CONSTANT_CONVERSION = YES;
				CLANG_WARN_DEPRECATED_OBJC_IMPLEMENTATIONS = YES;
				CLANG_WARN_DIRECT_OBJC_ISA_USAGE = YES_ERROR;
				CLANG_WARN_DOCUMENTATION_COMMENTS = YES;
				CLANG_WARN_EMPTY_BODY = YES;
				CLANG_WARN_ENUM_CONVERSION = YES;
				CLANG_WARN_INFINITE_RECURSION = YES;
				CLANG_WARN_INT_CONVERSION = YES;
				CLANG_WARN_NON_LITERAL_NULL_CONVERSION = YES;
				CLANG_WARN_OBJC_IMPLICIT_RETAIN_SELF = YES;
				CLANG_WARN_OBJC_LITERAL_CONVERSION = YES;
				CLANG_WARN_OBJC_ROOT_CLASS = YES_ERROR;
				CLANG_WARN_QUOTED_INCLUDE_IN_FRAMEWORK_HEADER = YES;
				CLANG_WARN_RANGE_LOOP_ANALYSIS = YES;
				CLANG_WARN_STRICT_PROTOTYPES = YES;
				CLANG_WARN_SUSPICIOUS_MOVE = YES;
				CLANG_WARN_UNGUARDED_AVAILABILITY = YES_AGGRESSIVE;
				CLANG_WARN_UNREACHABLE_CODE = YES;
				CLANG_WARN__DUPLICATE_METHOD_MATCH = YES;
				COPY_PHASE_STRIP = NO;
				DEBUG_INFORMATION_FORMAT = "dwarf-with-dsym";
				ENABLE_NS_ASSERTIONS = NO;
				ENABLE_STRICT_OBJC_MSGSEND = YES;
				ENABLE_USER_SCRIPT_SANDBOXING = YES;
				GCC_C_LANGUAGE_STANDARD = gnu17;
				GCC_NO_COMMON_BLOCKS = YES;
				GCC_WARN_64_TO_32_BIT_CONVERSION = YES;
				GCC_WARN_ABOUT_RETURN_TYPE = YES_ERROR;
				GCC_WARN_UNDECLARED_SELECTOR = YES;
				GCC_WARN_UNINITIALIZED_AUTOS = YES_AGGRESSIVE;
				GCC_WARN_UNUSED_FUNCTION = YES;
				GCC_WARN_UNUSED_VARIABLE = YES;
				IPHONEOS_DEPLOYMENT_TARGET = 17.5;
				LOCALIZATION_PREFERS_STRING_CATALOGS = YES;
				MTL_ENABLE_DEBUG_INFO = NO;
				MTL_FAST_MATH = YES;
				SDKROOT = iphoneos;
				SWIFT_COMPILATION_MODE = wholemodule;
				VALIDATE_PRODUCT = YES;
			};
			name = Release;
		};
		E6C5C8852C17618A00BBDD1F /* Debug */ = {
			isa = XCBuildConfiguration;
			buildSettings = {
				ASSETCATALOG_COMPILER_APPICON_NAME = AppIcon;
				ASSETCATALOG_COMPILER_GLOBAL_ACCENT_COLOR_NAME = AccentColor;
				CODE_SIGN_STYLE = Automatic;
				CURRENT_PROJECT_VERSION = 1;
				DEVELOPMENT_ASSET_PATHS = "\"CourseiOSApp/Preview Content\"";
				ENABLE_PREVIEWS = YES;
				GENERATE_INFOPLIST_FILE = YES;
				INFOPLIST_KEY_UIApplicationSceneManifest_Generation = YES;
				INFOPLIST_KEY_UIApplicationSupportsIndirectInputEvents = YES;
				INFOPLIST_KEY_UILaunchScreen_Generation = YES;
				INFOPLIST_KEY_UISupportedInterfaceOrientations_iPad = "UIInterfaceOrientationPortrait UIInterfaceOrientationPortraitUpsideDown UIInterfaceOrientationLandscapeLeft UIInterfaceOrientationLandscapeRight";
				INFOPLIST_KEY_UISupportedInterfaceOrientations_iPhone = "UIInterfaceOrientationPortrait UIInterfaceOrientationLandscapeLeft UIInterfaceOrientationLandscapeRight";
				LD_RUNPATH_SEARCH_PATHS = (
					"$(inherited)",
					"@executable_path/Frameworks",
				);
				MARKETING_VERSION = 1.0;
				PRODUCT_BUNDLE_IDENTIFIER = com.deve.CourseiOSApp;
				PRODUCT_NAME = "$(TARGET_NAME)";
				SWIFT_EMIT_LOC_STRINGS = YES;
				SWIFT_VERSION = 5.0;
				TARGETED_DEVICE_FAMILY = "1,2";
			};
			name = Debug;
		};
		E6C5C8862C17618A00BBDD1F /* Release */ = {
			isa = XCBuildConfiguration;
			buildSettings = {
				ASSETCATALOG_COMPILER_APPICON_NAME = AppIcon;
				ASSETCATALOG_COMPILER_GLOBAL_ACCENT_COLOR_NAME = AccentColor;
				CODE_SIGN_STYLE = Automatic;
				CURRENT_PROJECT_VERSION = 1;
				DEVELOPMENT_ASSET_PATHS = "\"CourseiOSApp/Preview Content\"";
				ENABLE_PREVIEWS = YES;
				GENERATE_INFOPLIST_FILE = YES;
				INFOPLIST_KEY_UIApplicationSceneManifest_Generation = YES;
				INFOPLIST_KEY_UIApplicationSupportsIndirectInputEvents = YES;
				INFOPLIST_KEY_UILaunchScreen_Generation = YES;
				INFOPLIST_KEY_UISupportedInterfaceOrientations_iPad = "UIInterfaceOrientationPortrait UIInterfaceOrientationPortraitUpsideDown UIInterfaceOrientationLandscapeLeft UIInterfaceOrientationLandscapeRight";
				INFOPLIST_KEY_UISupportedInterfaceOrientations_iPhone = "UIInterfaceOrientationPortrait UIInterfaceOrientationLandscapeLeft UIInterfaceOrientationLandscapeRight";
				LD_RUNPATH_SEARCH_PATHS = (
					"$(inherited)",
					"@executable_path/Frameworks",
				);
				MARKETING_VERSION = 1.0;
				PRODUCT_BUNDLE_IDENTIFIER = com.deve.CourseiOSApp;
				PRODUCT_NAME = "$(TARGET_NAME)";
				SWIFT_EMIT_LOC_STRINGS = YES;
				SWIFT_VERSION = 5.0;
				TARGETED_DEVICE_FAMILY = "1,2";
			};
			name = Release;
		};
/* End XCBuildConfiguration section */

/* Begin XCConfigurationList section */
		E6C5C8712C17618700BBDD1F /* Build configuration list for PBXProject "CourseiOSApp" */ = {
			isa = XCConfigurationList;
			buildConfigurations = (
				E6C5C8822C17618A00BBDD1F /* Debug */,
				E6C5C8832C17618A00BBDD1F /* Release */,
			);
			defaultConfigurationIsVisible = 0;
			defaultConfigurationName = Release;
		};
		E6C5C8842C17618A00BBDD1F /* Build configuration list for PBXNativeTarget "CourseiOSApp" */ = {
			isa = XCConfigurationList;
			buildConfigurations = (
				E6C5C8852C17618A00BBDD1F /* Debug */,
				E6C5C8862C17618A00BBDD1F /* Release */,
			);
			defaultConfigurationIsVisible = 0;
			defaultConfigurationName = Release;
		};
/* End XCConfigurationList section */
	};
	rootObject = E6C5C86E2C17618700BBDD1F /* Project object */;
}
